
Microsoft Visual Studio Solution File, Format Version 12.00
# Visual Studio 15
VisualStudioVersion = 15.0.28010.2026
MinimumVisualStudioVersion = 10.0.40219.1
Project("{FAE04EC0-301F-11D3-BF4B-00C04F79EFBC}") = "project_euler_c_sharp_solutions", "project_euler_c_sharp_solutions\project_euler_c_sharp_solutions.csproj", "{15B4ABD3-2186-4904-AF25-70A920F1354A}"
EndProject
Global
	GlobalSection(SolutionConfigurationPlatforms) = preSolution
		Debug|Any CPU = Debug|Any CPU
		Release|Any CPU = Release|Any CPU
	EndGlobalSection
	GlobalSection(ProjectConfigurationPlatforms) = postSolution
		{15B4ABD3-2186-4904-AF25-70A920F1354A}.Debug|Any CPU.ActiveCfg = Debug|Any CPU
		{15B4ABD3-2186-4904-AF25-70A920F1354A}.Debug|Any CPU.Build.0 = Debug|Any CPU
		{15B4ABD3-2186-4904-AF25-70A920F1354A}.Release|Any CPU.ActiveCfg = Release|Any CPU
		{15B4ABD3-2186-4904-AF25-70A920F1354A}.Release|Any CPU.Build.0 = Release|Any CPU
	EndGlobalSection
	GlobalSection(SolutionProperties) = preSolution
		HideSolutionNode = FALSE
	EndGlobalSection
	GlobalSection(ExtensibilityGlobals) = postSolution
		SolutionGuid = {E29A3253-1008-4BBA-BE34-B6A65FF89CE4}
	EndGlobalSection
EndGlobal
